
Microsoft Visual Studio Solution File, Format Version 12.00
# Visual Studio Version 16
VisualStudioVersion = 16.0.34301.259
MinimumVisualStudioVersion = 10.0.40219.1
Project("{FAE04EC0-301F-11D3-BF4B-00C04F79EFBC}") = "Lithophanes", "Lithophanes\Lithophanes.csproj", "{733FE2B4-D768-4B36-98E6-D5E33BCF8236}"
EndProject
Global
	GlobalSection(SolutionConfigurationPlatforms) = preSolution
		Debug|Any CPU = Debug|Any CPU
		Release|Any CPU = Release|Any CPU
	EndGlobalSection
	GlobalSection(ProjectConfigurationPlatforms) = postSolution
		{733FE2B4-D768-4B36-98E6-D5E33BCF8236}.Debug|Any CPU.ActiveCfg = Debug|Any CPU
		{733FE2B4-D768-4B36-98E6-D5E33BCF8236}.Debug|Any CPU.Build.0 = Debug|Any CPU
		{733FE2B4-D768-4B36-98E6-D5E33BCF8236}.Release|Any CPU.ActiveCfg = Release|Any CPU
		{733FE2B4-D768-4B36-98E6-D5E33BCF8236}.Release|Any CPU.Build.0 = Release|Any CPU
	EndGlobalSection
	GlobalSection(SolutionProperties) = preSolution
		HideSolutionNode = FALSE
	EndGlobalSection
	GlobalSection(ExtensibilityGlobals) = postSolution
		SolutionGuid = {1BD0E3B5-6655-48B6-B933-371B8D299929}
	EndGlobalSection
EndGlobal
